
Microsoft Visual Studio Solution File, Format Version 12.00
# Visual Studio Version 17
VisualStudioVersion = 17.10.34916.146
MinimumVisualStudioVersion = 10.0.40219.1
Project("{9A19103F-16F7-4668-BE54-9A1E7A4F7556}") = "SistemaDeGestionDeEmpleados.Web", "SistemaDeGestionDeEmpleados.Web\SistemaDeGestionDeEmpleados.Web.csproj", "{3806231F-D96A-44AB-BD59-D24D5E63439A}"
EndProject
Project("{9A19103F-16F7-4668-BE54-9A1E7A4F7556}") = "SistemaDeGestionDeEmpleados.Servicios", "SistemaDeGestionDeEmpleados.Servicios\SistemaDeGestionDeEmpleados.Servicios.csproj", "{CFF839AA-747F-4E6B-A6E1-9C5DCECDCFC5}"
EndProject
Project("{9A19103F-16F7-4668-BE54-9A1E7A4F7556}") = "SistemaDeGestionDeEmpleados.Data", "SistemaDeGestionDeEmpleados.Data\SistemaDeGestionDeEmpleados.Data.csproj", "{89D30689-0B9D-4404-8D53-FE8FCE59EE62}"
EndProject
Project("{2150E333-8FDC-42A3-9474-1A3956D46DE8}") = "Solution Items", "Solution Items", "{FFDFCA42-C71B-454B-BBA3-A2782A60D87B}"
	ProjectSection(SolutionItems) = preProject
		..\..\..\Downloads\2023-2c-2do-Parcial-Practico.pdf = ..\..\..\Downloads\2023-2c-2do-Parcial-Practico.pdf
	EndProjectSection
EndProject
Global
	GlobalSection(SolutionConfigurationPlatforms) = preSolution
		Debug|Any CPU = Debug|Any CPU
		Release|Any CPU = Release|Any CPU
	EndGlobalSection
	GlobalSection(ProjectConfigurationPlatforms) = postSolution
		{3806231F-D96A-44AB-BD59-D24D5E63439A}.Debug|Any CPU.ActiveCfg = Debug|Any CPU
		{3806231F-D96A-44AB-BD59-D24D5E63439A}.Debug|Any CPU.Build.0 = Debug|Any CPU
		{3806231F-D96A-44AB-BD59-D24D5E63439A}.Release|Any CPU.ActiveCfg = Release|Any CPU
		{3806231F-D96A-44AB-BD59-D24D5E63439A}.Release|Any CPU.Build.0 = Release|Any CPU
		{CFF839AA-747F-4E6B-A6E1-9C5DCECDCFC5}.Debug|Any CPU.ActiveCfg = Debug|Any CPU
		{CFF839AA-747F-4E6B-A6E1-9C5DCECDCFC5}.Debug|Any CPU.Build.0 = Debug|Any CPU
		{CFF839AA-747F-4E6B-A6E1-9C5DCECDCFC5}.Release|Any CPU.ActiveCfg = Release|Any CPU
		{CFF839AA-747F-4E6B-A6E1-9C5DCECDCFC5}.Release|Any CPU.Build.0 = Release|Any CPU
		{89D30689-0B9D-4404-8D53-FE8FCE59EE62}.Debug|Any CPU.ActiveCfg = Debug|Any CPU
		{89D30689-0B9D-4404-8D53-FE8FCE59EE62}.Debug|Any CPU.Build.0 = Debug|Any CPU
		{89D30689-0B9D-4404-8D53-FE8FCE59EE62}.Release|Any CPU.ActiveCfg = Release|Any CPU
		{89D30689-0B9D-4404-8D53-FE8FCE59EE62}.Release|Any CPU.Build.0 = Release|Any CPU
	EndGlobalSection
	GlobalSection(SolutionProperties) = preSolution
		HideSolutionNode = FALSE
	EndGlobalSection
	GlobalSection(ExtensibilityGlobals) = postSolution
		SolutionGuid = {FB69BD86-4625-43B6-986F-066641E15F46}
	EndGlobalSection
EndGlobal
